<?xml version="1.0" encoding="utf-8"?>
<Project ToolsVersion="4.0" xmlns="http://schemas.microsoft.com/developer/msbuild/2003">
  <ItemGroup>
    <Filter Include="Source Files">
      <UniqueIdentifier>{4FC737F1-C7A5-4376-A066-2A32D752A2FF}</UniqueIdentifier>
      <Extensions>cpp;c;cc;cxx;c++;cppm;ixx;def;odl;idl;hpj;bat;asm;asmx</Extensions>
    </Filter>
    <Filter Include="Header Files">
      <UniqueIdentifier>{93995380-89BD-4b04-88EB-625FBE52EBFB}</UniqueIdentifier>
      <Extensions>h;hh;hpp;hxx;h++;hm;inl;inc;ipp;xsd</Extensions>
    </Filter>
    <Filter Include="Resource Files">
      <UniqueIdentifier>{67DA6AB6-F800-4c08-8B7A-83BB121AAD01}</UniqueIdentifier>
      <Extensions>rc;ico;cur;bmp;dlg;rc2;rct;bin;rgs;gif;jpg;jpeg;jpe;resx;tiff;tif;png;wav;mfcribbon-ms</Extensions>
    </Filter>
  </ItemGroup>
  <ItemGroup>
    <ClCompile Include="bowling_game_main.cxx">
      <Filter>Source Files</Filter>
    </ClCompile>
    <ClCompile Include="BowlingFrame.cxx">
      <Filter>Source Files</Filter>
    </ClCompile>
    <ClCompile Include="NormalBowlingFrame.cxx">
      <Filter>Source Files</Filter>
    </ClCompile>
    <ClCompile Include="TenthBowlingFrame.cxx">
      <Filter>Source Files</Filter>
    </ClCompile>
    <ClCompile Include="BowlingGame.cxx">
      <Filter>Source Files</Filter>
    </ClCompile>
    <ClCompile Include="BowlingGameImpl.cxx">
      <Filter>Source Files</Filter>
    </ClCompile>
    <ClCompile Include="BowlingGameUtil.cxx">
      <Filter>Source Files</Filter>
    </ClCompile>
  </ItemGroup>
  <ItemGroup>
    <ClInclude Include="BowlingFrame.hxx">
      <Filter>Header Files</Filter>
    </ClInclude>
    <ClInclude Include="NormalBowlingFrame.hxx">
      <Filter>Header Files</Filter>
    </ClInclude>
    <ClInclude Include="TenthBowlingFrame.hxx">
      <Filter>Header Files</Filter>
    </ClInclude>
    <ClInclude Include="BowlingGame.hxx">
      <Filter>Header Files</Filter>
    </ClInclude>
    <ClInclude Include="BowlingGameImpl.hxx">
      <Filter>Header Files</Filter>
    </ClInclude>
    <ClInclude Include="BowlingGameUtil.hxx">
      <Filter>Header Files</Filter>
    </ClInclude>
  </ItemGroup>
</Project>